{
  "name": "skiinginsg",
  "version": "1.0.0",
  "lockfileVersion": 1,
  "requires": true,
  "dependencies": {
    "array-2d": {
      "version": "1.0.2",
      "resolved": "https://registry.npmjs.org/array-2d/-/array-2d-1.0.2.tgz",
      "integrity": "sha512-lNFuDOrg2GYtfCK2BCUhFqtv47BxgyQ6hkrJOTwgU8IPKUVx/Qzgzic8kdGZoNTw/tL9BUrNtjF9tFqGZ6vy/Q=="
    },
    "fs": {
      "version": "0.0.1-security",
      "resolved": "https://registry.npmjs.org/fs/-/fs-0.0.1-security.tgz",
      "integrity": "sha1-invTcYa23d84E/I4WLV+yq9eQdQ="
    }
  }
}
